
Microsoft Visual Studio Solution File, Format Version 12.00
# Visual Studio Version 16
VisualStudioVersion = 16.0.30611.23
MinimumVisualStudioVersion = 10.0.40219.1
Project("{F184B08F-C81C-45F6-A57F-5ABD9991F28F}") = "appUdemy", "appUdemy\appUdemy.vbproj", "{3BB3BEC9-EE7F-4E32-869A-32EF65DA41E3}"
EndProject
Global
	GlobalSection(SolutionConfigurationPlatforms) = preSolution
		Debug|Any CPU = Debug|Any CPU
		Release|Any CPU = Release|Any CPU
	EndGlobalSection
	GlobalSection(ProjectConfigurationPlatforms) = postSolution
		{3BB3BEC9-EE7F-4E32-869A-32EF65DA41E3}.Debug|Any CPU.ActiveCfg = Debug|Any CPU
		{3BB3BEC9-EE7F-4E32-869A-32EF65DA41E3}.Debug|Any CPU.Build.0 = Debug|Any CPU
		{3BB3BEC9-EE7F-4E32-869A-32EF65DA41E3}.Release|Any CPU.ActiveCfg = Release|Any CPU
		{3BB3BEC9-EE7F-4E32-869A-32EF65DA41E3}.Release|Any CPU.Build.0 = Release|Any CPU
	EndGlobalSection
	GlobalSection(SolutionProperties) = preSolution
		HideSolutionNode = FALSE
	EndGlobalSection
	GlobalSection(ExtensibilityGlobals) = postSolution
		SolutionGuid = {C6345970-CA88-4C76-8664-CFA90318DC4C}
	EndGlobalSection
EndGlobal
